
Microsoft Visual Studio Solution File, Format Version 12.00
# Visual Studio 15
VisualStudioVersion = 15.0.28307.1622
MinimumVisualStudioVersion = 10.0.40219.1
Project("{FAE04EC0-301F-11D3-BF4B-00C04F79EFBC}") = "SideTechProd", "SideTechProd\SideTechProd.csproj", "{965F3A01-EED9-4E54-AD94-37B8E90C3257}"
EndProject
Global
	GlobalSection(SolutionConfigurationPlatforms) = preSolution
		Debug|Any CPU = Debug|Any CPU
		Release|Any CPU = Release|Any CPU
	EndGlobalSection
	GlobalSection(ProjectConfigurationPlatforms) = postSolution
		{965F3A01-EED9-4E54-AD94-37B8E90C3257}.Debug|Any CPU.ActiveCfg = Debug|Any CPU
		{965F3A01-EED9-4E54-AD94-37B8E90C3257}.Debug|Any CPU.Build.0 = Debug|Any CPU
		{965F3A01-EED9-4E54-AD94-37B8E90C3257}.Release|Any CPU.ActiveCfg = Release|Any CPU
		{965F3A01-EED9-4E54-AD94-37B8E90C3257}.Release|Any CPU.Build.0 = Release|Any CPU
	EndGlobalSection
	GlobalSection(SolutionProperties) = preSolution
		HideSolutionNode = FALSE
	EndGlobalSection
	GlobalSection(ExtensibilityGlobals) = postSolution
		SolutionGuid = {F21E5FAC-4101-4843-8011-8E12BEE057F9}
	EndGlobalSection
EndGlobal
